
Microsoft Visual Studio Solution File, Format Version 12.00
# Visual Studio Version 17
VisualStudioVersion = 17.0.32014.148
MinimumVisualStudioVersion = 10.0.40219.1
Project("{9A19103F-16F7-4668-BE54-9A1E7A4F7556}") = "BlazorVM", "BlazorVM\BlazorVM.csproj", "{A87483C2-DBE3-4B57-9D77-6C7D7543A894}"
EndProject
Global
	GlobalSection(SolutionConfigurationPlatforms) = preSolution
		Debug|Any CPU = Debug|Any CPU
		Release|Any CPU = Release|Any CPU
	EndGlobalSection
	GlobalSection(ProjectConfigurationPlatforms) = postSolution
		{A87483C2-DBE3-4B57-9D77-6C7D7543A894}.Debug|Any CPU.ActiveCfg = Debug|Any CPU
		{A87483C2-DBE3-4B57-9D77-6C7D7543A894}.Debug|Any CPU.Build.0 = Debug|Any CPU
		{A87483C2-DBE3-4B57-9D77-6C7D7543A894}.Release|Any CPU.ActiveCfg = Release|Any CPU
		{A87483C2-DBE3-4B57-9D77-6C7D7543A894}.Release|Any CPU.Build.0 = Release|Any CPU
	EndGlobalSection
	GlobalSection(SolutionProperties) = preSolution
		HideSolutionNode = FALSE
	EndGlobalSection
	GlobalSection(ExtensibilityGlobals) = postSolution
		SolutionGuid = {01D275F5-D214-4D2C-A470-B1E1C183C7E2}
	EndGlobalSection
EndGlobal
